
Microsoft Visual Studio Solution File, Format Version 12.00
# Visual Studio Version 17
VisualStudioVersion = 17.0.32014.148
MinimumVisualStudioVersion = 10.0.40219.1
Project("{FAE04EC0-301F-11D3-BF4B-00C04F79EFBC}") = "M-SHOES.BY", "M-SHOES.BY\M-SHOES.BY.csproj", "{587A5B34-3C60-4CEE-81A9-6C7D4D329488}"
EndProject
Project("{54435603-DBB4-11D2-8724-00A0C9A8B90C}") = "Setup", "Setup\Setup.vdproj", "{5EE8876E-F0DA-4C1C-887B-F861EE6A7924}"
EndProject
Global
	GlobalSection(SolutionConfigurationPlatforms) = preSolution
		Debug|Any CPU = Debug|Any CPU
		Release|Any CPU = Release|Any CPU
	EndGlobalSection
	GlobalSection(ProjectConfigurationPlatforms) = postSolution
		{587A5B34-3C60-4CEE-81A9-6C7D4D329488}.Debug|Any CPU.ActiveCfg = Debug|Any CPU
		{587A5B34-3C60-4CEE-81A9-6C7D4D329488}.Debug|Any CPU.Build.0 = Debug|Any CPU
		{587A5B34-3C60-4CEE-81A9-6C7D4D329488}.Release|Any CPU.ActiveCfg = Release|Any CPU
		{587A5B34-3C60-4CEE-81A9-6C7D4D329488}.Release|Any CPU.Build.0 = Release|Any CPU
		{5EE8876E-F0DA-4C1C-887B-F861EE6A7924}.Debug|Any CPU.ActiveCfg = Debug
		{5EE8876E-F0DA-4C1C-887B-F861EE6A7924}.Release|Any CPU.ActiveCfg = Release
	EndGlobalSection
	GlobalSection(SolutionProperties) = preSolution
		HideSolutionNode = FALSE
	EndGlobalSection
	GlobalSection(ExtensibilityGlobals) = postSolution
		SolutionGuid = {50AA43F1-95E7-4366-8B5B-FA124139AE99}
	EndGlobalSection
EndGlobal
